
Microsoft Visual Studio Solution File, Format Version 12.00
# Visual Studio Version 17
VisualStudioVersion = 17.14.36518.9 d17.14
MinimumVisualStudioVersion = 10.0.40219.1
Project("{FAE04EC0-301F-11D3-BF4B-00C04F79EFBC}") = "GitHub-Api-Integration", "GitHub-Api-Integration\GitHub-Api-Integration.csproj", "{33D6B678-7BE5-4060-801E-6A37ADC78543}"
EndProject
Global
	GlobalSection(SolutionConfigurationPlatforms) = preSolution
		Debug|Any CPU = Debug|Any CPU
		Release|Any CPU = Release|Any CPU
	EndGlobalSection
	GlobalSection(ProjectConfigurationPlatforms) = postSolution
		{33D6B678-7BE5-4060-801E-6A37ADC78543}.Debug|Any CPU.ActiveCfg = Debug|Any CPU
		{33D6B678-7BE5-4060-801E-6A37ADC78543}.Debug|Any CPU.Build.0 = Debug|Any CPU
		{33D6B678-7BE5-4060-801E-6A37ADC78543}.Release|Any CPU.ActiveCfg = Release|Any CPU
		{33D6B678-7BE5-4060-801E-6A37ADC78543}.Release|Any CPU.Build.0 = Release|Any CPU
	EndGlobalSection
	GlobalSection(SolutionProperties) = preSolution
		HideSolutionNode = FALSE
	EndGlobalSection
	GlobalSection(ExtensibilityGlobals) = postSolution
		SolutionGuid = {249540E8-4ADC-446C-B70F-E51BAC779C31}
	EndGlobalSection
EndGlobal
